
Microsoft Visual Studio Solution File, Format Version 12.00
# Visual Studio Version 17
VisualStudioVersion = 17.4.33122.133
MinimumVisualStudioVersion = 10.0.40219.1
Project("{FAE04EC0-301F-11D3-BF4B-00C04F79EFBC}") = "CaptaIN-Hack-Sparrow", "CaptaIN-Hack-Sparrow\CaptaIN-Hack-Sparrow.csproj", "{C52109EB-52FA-498C-BEAA-FAEBCF0CAF3B}"
EndProject
Global
	GlobalSection(SolutionConfigurationPlatforms) = preSolution
		Debug|Any CPU = Debug|Any CPU
		Release|Any CPU = Release|Any CPU
	EndGlobalSection
	GlobalSection(ProjectConfigurationPlatforms) = postSolution
		{C52109EB-52FA-498C-BEAA-FAEBCF0CAF3B}.Debug|Any CPU.ActiveCfg = Debug|Any CPU
		{C52109EB-52FA-498C-BEAA-FAEBCF0CAF3B}.Debug|Any CPU.Build.0 = Debug|Any CPU
		{C52109EB-52FA-498C-BEAA-FAEBCF0CAF3B}.Release|Any CPU.ActiveCfg = Release|Any CPU
		{C52109EB-52FA-498C-BEAA-FAEBCF0CAF3B}.Release|Any CPU.Build.0 = Release|Any CPU
	EndGlobalSection
	GlobalSection(SolutionProperties) = preSolution
		HideSolutionNode = FALSE
	EndGlobalSection
	GlobalSection(ExtensibilityGlobals) = postSolution
		SolutionGuid = {46E17F43-DC68-41C4-84E0-AB524777D4F3}
	EndGlobalSection
EndGlobal
